
Microsoft Visual Studio Solution File, Format Version 12.00
# Visual Studio Version 17
VisualStudioVersion = 17.4.33213.308
MinimumVisualStudioVersion = 10.0.40219.1
Project("{FAE04EC0-301F-11D3-BF4B-00C04F79EFBC}") = "BTPSKANPUR", "BTPSKANPUR.csproj", "{DB3ECFFE-D372-4D03-9ACE-ACF0ECEAB62E}"
EndProject
Global
	GlobalSection(SolutionConfigurationPlatforms) = preSolution
		Debug|Any CPU = Debug|Any CPU
		Release|Any CPU = Release|Any CPU
	EndGlobalSection
	GlobalSection(ProjectConfigurationPlatforms) = postSolution
		{DB3ECFFE-D372-4D03-9ACE-ACF0ECEAB62E}.Debug|Any CPU.ActiveCfg = Debug|Any CPU
		{DB3ECFFE-D372-4D03-9ACE-ACF0ECEAB62E}.Debug|Any CPU.Build.0 = Debug|Any CPU
		{DB3ECFFE-D372-4D03-9ACE-ACF0ECEAB62E}.Release|Any CPU.ActiveCfg = Release|Any CPU
		{DB3ECFFE-D372-4D03-9ACE-ACF0ECEAB62E}.Release|Any CPU.Build.0 = Release|Any CPU
	EndGlobalSection
	GlobalSection(SolutionProperties) = preSolution
		HideSolutionNode = FALSE
	EndGlobalSection
	GlobalSection(ExtensibilityGlobals) = postSolution
		SolutionGuid = {96309877-58CD-42F5-8E1E-A34F4A53FD76}
	EndGlobalSection
EndGlobal
